// !$*UTF8*$!
{
	archiveVersion = 1;
	classes = {
	};
	objectVersion = 50;
	objects = {

/* Begin PBXBuildFile section */
		13997B4123C505E9009B5328 /* AppDelegate.swift in Sources */ = {isa = PBXBuildFile; fileRef = 13997B4023C505E9009B5328 /* AppDelegate.swift */; };
		13997B4323C505E9009B5328 /* SceneDelegate.swift in Sources */ = {isa = PBXBuildFile; fileRef = 13997B4223C505E9009B5328 /* SceneDelegate.swift */; };
		13997B4523C505E9009B5328 /* FeedViewController.swift in Sources */ = {isa = PBXBuildFile; fileRef = 13997B4423C505E9009B5328 /* FeedViewController.swift */; };
		13997B4A23C505EB009B5328 /* Assets.xcassets in Resources */ = {isa = PBXBuildFile; fileRef = 13997B4923C505EB009B5328 /* Assets.xcassets */; };
		13997B4D23C505EB009B5328 /* LaunchScreen.storyboard in Resources */ = {isa = PBXBuildFile; fileRef = 13997B4B23C505EB009B5328 /* LaunchScreen.storyboard */; };
		13997B5823C505EB009B5328 /* ChuckNorrisFactRetrieverTests.swift in Sources */ = {isa = PBXBuildFile; fileRef = 13997B5723C505EB009B5328 /* ChuckNorrisFactRetrieverTests.swift */; };
		13997B6323C505EB009B5328 /* ChuckNorrisFactRetrieverUITests.swift in Sources */ = {isa = PBXBuildFile; fileRef = 13997B6223C505EB009B5328 /* ChuckNorrisFactRetrieverUITests.swift */; };
		13997B7823C66436009B5328 /* FactTableViewCell.swift in Sources */ = {isa = PBXBuildFile; fileRef = 13997B7723C66436009B5328 /* FactTableViewCell.swift */; };
		13997B7B23C66480009B5328 /* Fact.swift in Sources */ = {isa = PBXBuildFile; fileRef = 13997B7A23C66480009B5328 /* Fact.swift */; };
		13997B7D23C6649D009B5328 /* DAO.swift in Sources */ = {isa = PBXBuildFile; fileRef = 13997B7C23C6649D009B5328 /* DAO.swift */; };
		13997B7F23C664B8009B5328 /* FactSearch.swift in Sources */ = {isa = PBXBuildFile; fileRef = 13997B7E23C664B8009B5328 /* FactSearch.swift */; };
/* End PBXBuildFile section */

/* Begin PBXContainerItemProxy section */
		13997B5423C505EB009B5328 /* PBXContainerItemProxy */ = {
			isa = PBXContainerItemProxy;
			containerPortal = 13997B3523C505E9009B5328 /* Project object */;
			proxyType = 1;
			remoteGlobalIDString = 13997B3C23C505E9009B5328;
			remoteInfo = ChuckNorrisFactRetriever;
		};
		13997B5F23C505EB009B5328 /* PBXContainerItemProxy */ = {
			isa = PBXContainerItemProxy;
			containerPortal = 13997B3523C505E9009B5328 /* Project object */;
			proxyType = 1;
			remoteGlobalIDString = 13997B3C23C505E9009B5328;
			remoteInfo = ChuckNorrisFactRetriever;
		};
/* End PBXContainerItemProxy section */

/* Begin PBXFileReference section */
		13997B3D23C505E9009B5328 /* ChuckNorrisFactRetriever.app */ = {isa = PBXFileReference; explicitFileType = wrapper.application; includeInIndex = 0; path = ChuckNorrisFactRetriever.app; sourceTree = BUILT_PRODUCTS_DIR; };
		13997B4023C505E9009B5328 /* AppDelegate.swift */ = {isa = PBXFileReference; lastKnownFileType = sourcecode.swift; path = AppDelegate.swift; sourceTree = "<group>"; };
		13997B4223C505E9009B5328 /* SceneDelegate.swift */ = {isa = PBXFileReference; lastKnownFileType = sourcecode.swift; path = SceneDelegate.swift; sourceTree = "<group>"; };
		13997B4423C505E9009B5328 /* FeedViewController.swift */ = {isa = PBXFileReference; lastKnownFileType = sourcecode.swift; path = FeedViewController.swift; sourceTree = "<group>"; };
		13997B4923C505EB009B5328 /* Assets.xcassets */ = {isa = PBXFileReference; lastKnownFileType = folder.assetcatalog; path = Assets.xcassets; sourceTree = "<group>"; };
		13997B4C23C505EB009B5328 /* Base */ = {isa = PBXFileReference; lastKnownFileType = file.storyboard; name = Base; path = Base.lproj/LaunchScreen.storyboard; sourceTree = "<group>"; };
		13997B4E23C505EB009B5328 /* Info.plist */ = {isa = PBXFileReference; lastKnownFileType = text.plist.xml; path = Info.plist; sourceTree = "<group>"; };
		13997B5323C505EB009B5328 /* ChuckNorrisFactRetrieverTests.xctest */ = {isa = PBXFileReference; explicitFileType = wrapper.cfbundle; includeInIndex = 0; path = ChuckNorrisFactRetrieverTests.xctest; sourceTree = BUILT_PRODUCTS_DIR; };
		13997B5723C505EB009B5328 /* ChuckNorrisFactRetrieverTests.swift */ = {isa = PBXFileReference; lastKnownFileType = sourcecode.swift; path = ChuckNorrisFactRetrieverTests.swift; sourceTree = "<group>"; };
		13997B5923C505EB009B5328 /* Info.plist */ = {isa = PBXFileReference; lastKnownFileType = text.plist.xml; path = Info.plist; sourceTree = "<group>"; };
		13997B5E23C505EB009B5328 /* ChuckNorrisFactRetrieverUITests.xctest */ = {isa = PBXFileReference; explicitFileType = wrapper.cfbundle; includeInIndex = 0; path = ChuckNorrisFactRetrieverUITests.xctest; sourceTree = BUILT_PRODUCTS_DIR; };
		13997B6223C505EB009B5328 /* ChuckNorrisFactRetrieverUITests.swift */ = {isa = PBXFileReference; lastKnownFileType = sourcecode.swift; path = ChuckNorrisFactRetrieverUITests.swift; sourceTree = "<group>"; };
		13997B6423C505EB009B5328 /* Info.plist */ = {isa = PBXFileReference; lastKnownFileType = text.plist.xml; path = Info.plist; sourceTree = "<group>"; };
		13997B7723C66436009B5328 /* FactTableViewCell.swift */ = {isa = PBXFileReference; lastKnownFileType = sourcecode.swift; path = FactTableViewCell.swift; sourceTree = "<group>"; };
		13997B7A23C66480009B5328 /* Fact.swift */ = {isa = PBXFileReference; lastKnownFileType = sourcecode.swift; path = Fact.swift; sourceTree = "<group>"; };
		13997B7C23C6649D009B5328 /* DAO.swift */ = {isa = PBXFileReference; lastKnownFileType = sourcecode.swift; path = DAO.swift; sourceTree = "<group>"; };
		13997B7E23C664B8009B5328 /* FactSearch.swift */ = {isa = PBXFileReference; lastKnownFileType = sourcecode.swift; path = FactSearch.swift; sourceTree = "<group>"; };
/* End PBXFileReference section */

/* Begin PBXFrameworksBuildPhase section */
		13997B3A23C505E9009B5328 /* Frameworks */ = {
			isa = PBXFrameworksBuildPhase;
			buildActionMask = 2147483647;
			files = (
			);
			runOnlyForDeploymentPostprocessing = 0;
		};
		13997B5023C505EB009B5328 /* Frameworks */ = {
			isa = PBXFrameworksBuildPhase;
			buildActionMask = 2147483647;
			files = (
			);
			runOnlyForDeploymentPostprocessing = 0;
		};
		13997B5B23C505EB009B5328 /* Frameworks */ = {
			isa = PBXFrameworksBuildPhase;
			buildActionMask = 2147483647;
			files = (
			);
			runOnlyForDeploymentPostprocessing = 0;
		};
/* End PBXFrameworksBuildPhase section */

/* Begin PBXGroup section */
		13997B3423C505E9009B5328 = {
			isa = PBXGroup;
			children = (
				13997B7923C66454009B5328 /* model */,
				13997B3F23C505E9009B5328 /* ChuckNorrisFactRetriever */,
				13997B5623C505EB009B5328 /* ChuckNorrisFactRetrieverTests */,
				13997B6123C505EB009B5328 /* ChuckNorrisFactRetrieverUITests */,
				13997B3E23C505E9009B5328 /* Products */,
			);
			sourceTree = "<group>";
		};
		13997B3E23C505E9009B5328 /* Products */ = {
			isa = PBXGroup;
			children = (
				13997B3D23C505E9009B5328 /* ChuckNorrisFactRetriever.app */,
				13997B5323C505EB009B5328 /* ChuckNorrisFactRetrieverTests.xctest */,
				13997B5E23C505EB009B5328 /* ChuckNorrisFactRetrieverUITests.xctest */,
			);
			name = Products;
			sourceTree = "<group>";
		};
		13997B3F23C505E9009B5328 /* ChuckNorrisFactRetriever */ = {
			isa = PBXGroup;
			children = (
				13997B4423C505E9009B5328 /* FeedViewController.swift */,
				13997B7723C66436009B5328 /* FactTableViewCell.swift */,
				13997B7623C66327009B5328 /* app */,
				13997B4923C505EB009B5328 /* Assets.xcassets */,
				13997B4E23C505EB009B5328 /* Info.plist */,
			);
			path = ChuckNorrisFactRetriever;
			sourceTree = "<group>";
		};
		13997B5623C505EB009B5328 /* ChuckNorrisFactRetrieverTests */ = {
			isa = PBXGroup;
			children = (
				13997B5723C505EB009B5328 /* ChuckNorrisFactRetrieverTests.swift */,
				13997B5923C505EB009B5328 /* Info.plist */,
			);
			path = ChuckNorrisFactRetrieverTests;
			sourceTree = "<group>";
		};
		13997B6123C505EB009B5328 /* ChuckNorrisFactRetrieverUITests */ = {
			isa = PBXGroup;
			children = (
				13997B6223C505EB009B5328 /* ChuckNorrisFactRetrieverUITests.swift */,
				13997B6423C505EB009B5328 /* Info.plist */,
			);
			path = ChuckNorrisFactRetrieverUITests;
			sourceTree = "<group>";
		};
		13997B7623C66327009B5328 /* app */ = {
			isa = PBXGroup;
			children = (
				13997B4223C505E9009B5328 /* SceneDelegate.swift */,
				13997B4B23C505EB009B5328 /* LaunchScreen.storyboard */,
				13997B4023C505E9009B5328 /* AppDelegate.swift */,
			);
			path = app;
			sourceTree = "<group>";
		};
		13997B7923C66454009B5328 /* model */ = {
			isa = PBXGroup;
			children = (
				13997B7A23C66480009B5328 /* Fact.swift */,
				13997B7C23C6649D009B5328 /* DAO.swift */,
				13997B7E23C664B8009B5328 /* FactSearch.swift */,
			);
			path = model;
			sourceTree = "<group>";
		};
/* End PBXGroup section */

/* Begin PBXNativeTarget section */
		13997B3C23C505E9009B5328 /* ChuckNorrisFactRetriever */ = {
			isa = PBXNativeTarget;
			buildConfigurationList = 13997B6723C505EB009B5328 /* Build configuration list for PBXNativeTarget "ChuckNorrisFactRetriever" */;
			buildPhases = (
				13997B3923C505E9009B5328 /* Sources */,
				13997B3A23C505E9009B5328 /* Frameworks */,
				13997B3B23C505E9009B5328 /* Resources */,
			);
			buildRules = (
			);
			dependencies = (
			);
			name = ChuckNorrisFactRetriever;
			productName = ChuckNorrisFactRetriever;
			productReference = 13997B3D23C505E9009B5328 /* ChuckNorrisFactRetriever.app */;
			productType = "com.apple.product-type.application";
		};
		13997B5223C505EB009B5328 /* ChuckNorrisFactRetrieverTests */ = {
			isa = PBXNativeTarget;
			buildConfigurationList = 13997B6A23C505EB009B5328 /* Build configuration list for PBXNativeTarget "ChuckNorrisFactRetrieverTests" */;
			buildPhases = (
				13997B4F23C505EB009B5328 /* Sources */,
				13997B5023C505EB009B5328 /* Frameworks */,
				13997B5123C505EB009B5328 /* Resources */,
			);
			buildRules = (
			);
			dependencies = (
				13997B5523C505EB009B5328 /* PBXTargetDependency */,
			);
			name = ChuckNorrisFactRetrieverTests;
			productName = ChuckNorrisFactRetrieverTests;
			productReference = 13997B5323C505EB009B5328 /* ChuckNorrisFactRetrieverTests.xctest */;
			productType = "com.apple.product-type.bundle.unit-test";
		};
		13997B5D23C505EB009B5328 /* ChuckNorrisFactRetrieverUITests */ = {
			isa = PBXNativeTarget;
			buildConfigurationList = 13997B6D23C505EB009B5328 /* Build configuration list for PBXNativeTarget "ChuckNorrisFactRetrieverUITests" */;
			buildPhases = (
				13997B5A23C505EB009B5328 /* Sources */,
				13997B5B23C505EB009B5328 /* Frameworks */,
				13997B5C23C505EB009B5328 /* Resources */,
			);
			buildRules = (
			);
			dependencies = (
				13997B6023C505EB009B5328 /* PBXTargetDependency */,
			);
			name = ChuckNorrisFactRetrieverUITests;
			productName = ChuckNorrisFactRetrieverUITests;
			productReference = 13997B5E23C505EB009B5328 /* ChuckNorrisFactRetrieverUITests.xctest */;
			productType = "com.apple.product-type.bundle.ui-testing";
		};
/* End PBXNativeTarget section */

/* Begin PBXProject section */
		13997B3523C505E9009B5328 /* Project object */ = {
			isa = PBXProject;
			attributes = {
				LastSwiftUpdateCheck = 1100;
				LastUpgradeCheck = 1100;
				ORGANIZATIONNAME = "Pedro Azevedo";
				TargetAttributes = {
					13997B3C23C505E9009B5328 = {
						CreatedOnToolsVersion = 11.0;
					};
					13997B5223C505EB009B5328 = {
						CreatedOnToolsVersion = 11.0;
						TestTargetID = 13997B3C23C505E9009B5328;
					};
					13997B5D23C505EB009B5328 = {
						CreatedOnToolsVersion = 11.0;
						TestTargetID = 13997B3C23C505E9009B5328;
					};
				};
			};
			buildConfigurationList = 13997B3823C505E9009B5328 /* Build configuration list for PBXProject "ChuckNorrisFactRetriever" */;
			compatibilityVersion = "Xcode 9.3";
			developmentRegion = en;
			hasScannedForEncodings = 0;
			knownRegions = (
				en,
				Base,
			);
			mainGroup = 13997B3423C505E9009B5328;
			productRefGroup = 13997B3E23C505E9009B5328 /* Products */;
			projectDirPath = "";
			projectRoot = "";
			targets = (
				13997B3C23C505E9009B5328 /* ChuckNorrisFactRetriever */,
				13997B5223C505EB009B5328 /* ChuckNorrisFactRetrieverTests */,
				13997B5D23C505EB009B5328 /* ChuckNorrisFactRetrieverUITests */,
			);
		};
/* End PBXProject section */

/* Begin PBXResourcesBuildPhase section */
		13997B3B23C505E9009B5328 /* Resources */ = {
			isa = PBXResourcesBuildPhase;
			buildActionMask = 2147483647;
			files = (
				13997B4D23C505EB009B5328 /* LaunchScreen.storyboard in Resources */,
				13997B4A23C505EB009B5328 /* Assets.xcassets in Resources */,
			);
			runOnlyForDeploymentPostprocessing = 0;
		};
		13997B5123C505EB009B5328 /* Resources */ = {
			isa = PBXResourcesBuildPhase;
			buildActionMask = 2147483647;
			files = (
			);
			runOnlyForDeploymentPostprocessing = 0;
		};
		13997B5C23C505EB009B5328 /* Resources */ = {
			isa = PBXResourcesBuildPhase;
			buildActionMask = 2147483647;
			files = (
			);
			runOnlyForDeploymentPostprocessing = 0;
		};
/* End PBXResourcesBuildPhase section */

/* Begin PBXSourcesBuildPhase section */
		13997B3923C505E9009B5328 /* Sources */ = {
			isa = PBXSourcesBuildPhase;
			buildActionMask = 2147483647;
			files = (
				13997B7D23C6649D009B5328 /* DAO.swift in Sources */,
				13997B4523C505E9009B5328 /* FeedViewController.swift in Sources */,
				13997B7F23C664B8009B5328 /* FactSearch.swift in Sources */,
				13997B4123C505E9009B5328 /* AppDelegate.swift in Sources */,
				13997B7B23C66480009B5328 /* Fact.swift in Sources */,
				13997B4323C505E9009B5328 /* SceneDelegate.swift in Sources */,
				13997B7823C66436009B5328 /* FactTableViewCell.swift in Sources */,
			);
			runOnlyForDeploymentPostprocessing = 0;
		};
		13997B4F23C505EB009B5328 /* Sources */ = {
			isa = PBXSourcesBuildPhase;
			buildActionMask = 2147483647;
			files = (
				13997B5823C505EB009B5328 /* ChuckNorrisFactRetrieverTests.swift in Sources */,
			);
			runOnlyForDeploymentPostprocessing = 0;
		};
		13997B5A23C505EB009B5328 /* Sources */ = {
			isa = PBXSourcesBuildPhase;
			buildActionMask = 2147483647;
			files = (
				13997B6323C505EB009B5328 /* ChuckNorrisFactRetrieverUITests.swift in Sources */,
			);
			runOnlyForDeploymentPostprocessing = 0;
		};
/* End PBXSourcesBuildPhase section */

/* Begin PBXTargetDependency section */
		13997B5523C505EB009B5328 /* PBXTargetDependency */ = {
			isa = PBXTargetDependency;
			target = 13997B3C23C505E9009B5328 /* ChuckNorrisFactRetriever */;
			targetProxy = 13997B5423C505EB009B5328 /* PBXContainerItemProxy */;
		};
		13997B6023C505EB009B5328 /* PBXTargetDependency */ = {
			isa = PBXTargetDependency;
			target = 13997B3C23C505E9009B5328 /* ChuckNorrisFactRetriever */;
			targetProxy = 13997B5F23C505EB009B5328 /* PBXContainerItemProxy */;
		};
/* End PBXTargetDependency section */

/* Begin PBXVariantGroup section */
		13997B4B23C505EB009B5328 /* LaunchScreen.storyboard */ = {
			isa = PBXVariantGroup;
			children = (
				13997B4C23C505EB009B5328 /* Base */,
			);
			name = LaunchScreen.storyboard;
			sourceTree = "<group>";
		};
/* End PBXVariantGroup section */

/* Begin XCBuildConfiguration section */
		13997B6523C505EB009B5328 /* Debug */ = {
			isa = XCBuildConfiguration;
			buildSettings = {
				ALWAYS_SEARCH_USER_PATHS = NO;
				CLANG_ANALYZER_NONNULL = YES;
				CLANG_ANALYZER_NUMBER_OBJECT_CONVERSION = YES_AGGRESSIVE;
				CLANG_CXX_LANGUAGE_STANDARD = "gnu++14";
				CLANG_CXX_LIBRARY = "libc++";
				CLANG_ENABLE_MODULES = YES;
				CLANG_ENABLE_OBJC_ARC = YES;
				CLANG_ENABLE_OBJC_WEAK = YES;
				CLANG_WARN_BLOCK_CAPTURE_AUTORELEASING = YES;
				CLANG_WARN_BOOL_CONVERSION = YES;
				CLANG_WARN_COMMA = YES;
				CLANG_WARN_CONSTANT_CONVERSION = YES;
				CLANG_WARN_DEPRECATED_OBJC_IMPLEMENTATIONS = YES;
				CLANG_WARN_DIRECT_OBJC_ISA_USAGE = YES_ERROR;
				CLANG_WARN_DOCUMENTATION_COMMENTS = YES;
				CLANG_WARN_EMPTY_BODY = YES;
				CLANG_WARN_ENUM_CONVERSION = YES;
				CLANG_WARN_INFINITE_RECURSION = YES;
				CLANG_WARN_INT_CONVERSION = YES;
				CLANG_WARN_NON_LITERAL_NULL_CONVERSION = YES;
				CLANG_WARN_OBJC_IMPLICIT_RETAIN_SELF = YES;
				CLANG_WARN_OBJC_LITERAL_CONVERSION = YES;
				CLANG_WARN_OBJC_ROOT_CLASS = YES_ERROR;
				CLANG_WARN_RANGE_LOOP_ANALYSIS = YES;
				CLANG_WARN_STRICT_PROTOTYPES = YES;
				CLANG_WARN_SUSPICIOUS_MOVE = YES;
				CLANG_WARN_UNGUARDED_AVAILABILITY = YES_AGGRESSIVE;
				CLANG_WARN_UNREACHABLE_CODE = YES;
				CLANG_WARN__DUPLICATE_METHOD_MATCH = YES;
				COPY_PHASE_STRIP = NO;
				DEBUG_INFORMATION_FORMAT = dwarf;
				ENABLE_STRICT_OBJC_MSGSEND = YES;
				ENABLE_TESTABILITY = YES;
				GCC_C_LANGUAGE_STANDARD = gnu11;
				GCC_DYNAMIC_NO_PIC = NO;
				GCC_NO_COMMON_BLOCKS = YES;
				GCC_OPTIMIZATION_LEVEL = 0;
				GCC_PREPROCESSOR_DEFINITIONS = (
					"DEBUG=1",
					"$(inherited)",
				);
				GCC_WARN_64_TO_32_BIT_CONVERSION = YES;
				GCC_WARN_ABOUT_RETURN_TYPE = YES_ERROR;
				GCC_WARN_UNDECLARED_SELECTOR = YES;
				GCC_WARN_UNINITIALIZED_AUTOS = YES_AGGRESSIVE;
				GCC_WARN_UNUSED_FUNCTION = YES;
				GCC_WARN_UNUSED_VARIABLE = YES;
				IPHONEOS_DEPLOYMENT_TARGET = 13.0;
				MTL_ENABLE_DEBUG_INFO = INCLUDE_SOURCE;
				MTL_FAST_MATH = YES;
				ONLY_ACTIVE_ARCH = YES;
				SDKROOT = iphoneos;
				SWIFT_ACTIVE_COMPILATION_CONDITIONS = DEBUG;
				SWIFT_OPTIMIZATION_LEVEL = "-Onone";
			};
			name = Debug;
		};
		13997B6623C505EB009B5328 /* Release */ = {
			isa = XCBuildConfiguration;
			buildSettings = {
				ALWAYS_SEARCH_USER_PATHS = NO;
				CLANG_ANALYZER_NONNULL = YES;
				CLANG_ANALYZER_NUMBER_OBJECT_CONVERSION = YES_AGGRESSIVE;
				CLANG_CXX_LANGUAGE_STANDARD = "gnu++14";
				CLANG_CXX_LIBRARY = "libc++";
				CLANG_ENABLE_MODULES = YES;
				CLANG_ENABLE_OBJC_ARC = YES;
				CLANG_ENABLE_OBJC_WEAK = YES;
				CLANG_WARN_BLOCK_CAPTURE_AUTORELEASING = YES;
				CLANG_WARN_BOOL_CONVERSION = YES;
				CLANG_WARN_COMMA = YES;
				CLANG_WARN_CONSTANT_CONVERSION = YES;
				CLANG_WARN_DEPRECATED_OBJC_IMPLEMENTATIONS = YES;
				CLANG_WARN_DIRECT_OBJC_ISA_USAGE = YES_ERROR;
				CLANG_WARN_DOCUMENTATION_COMMENTS = YES;
				CLANG_WARN_EMPTY_BODY = YES;
				CLANG_WARN_ENUM_CONVERSION = YES;
				CLANG_WARN_INFINITE_RECURSION = YES;
				CLANG_WARN_INT_CONVERSION = YES;
				CLANG_WARN_NON_LITERAL_NULL_CONVERSION = YES;
				CLANG_WARN_OBJC_IMPLICIT_RETAIN_SELF = YES;
				CLANG_WARN_OBJC_LITERAL_CONVERSION = YES;
				CLANG_WARN_OBJC_ROOT_CLASS = YES_ERROR;
				CLANG_WARN_RANGE_LOOP_ANALYSIS = YES;
				CLANG_WARN_STRICT_PROTOTYPES = YES;
				CLANG_WARN_SUSPICIOUS_MOVE = YES;
				CLANG_WARN_UNGUARDED_AVAILABILITY = YES_AGGRESSIVE;
				CLANG_WARN_UNREACHABLE_CODE = YES;
				CLANG_WARN__DUPLICATE_METHOD_MATCH = YES;
				COPY_PHASE_STRIP = NO;
				DEBUG_INFORMATION_FORMAT = "dwarf-with-dsym";
				ENABLE_NS_ASSERTIONS = NO;
				ENABLE_STRICT_OBJC_MSGSEND = YES;
				GCC_C_LANGUAGE_STANDARD = gnu11;
				GCC_NO_COMMON_BLOCKS = YES;
				GCC_WARN_64_TO_32_BIT_CONVERSION = YES;
				GCC_WARN_ABOUT_RETURN_TYPE = YES_ERROR;
				GCC_WARN_UNDECLARED_SELECTOR = YES;
				GCC_WARN_UNINITIALIZED_AUTOS = YES_AGGRESSIVE;
				GCC_WARN_UNUSED_FUNCTION = YES;
				GCC_WARN_UNUSED_VARIABLE = YES;
				IPHONEOS_DEPLOYMENT_TARGET = 13.0;
				MTL_ENABLE_DEBUG_INFO = NO;
				MTL_FAST_MATH = YES;
				SDKROOT = iphoneos;
				SWIFT_COMPILATION_MODE = wholemodule;
				SWIFT_OPTIMIZATION_LEVEL = "-O";
				VALIDATE_PRODUCT = YES;
			};
			name = Release;
		};
		13997B6823C505EB009B5328 /* Debug */ = {
			isa = XCBuildConfiguration;
			buildSettings = {
				ASSETCATALOG_COMPILER_APPICON_NAME = AppIcon;
				CODE_SIGN_STYLE = Automatic;
				DEVELOPMENT_TEAM = 4N8M4W4U2Q;
				INFOPLIST_FILE = ChuckNorrisFactRetriever/Info.plist;
				LD_RUNPATH_SEARCH_PATHS = (
					"$(inherited)",
					"@executable_path/Frameworks",
				);
				PRODUCT_BUNDLE_IDENTIFIER = personal.ChuckNorrisFactRetriever;
				PRODUCT_NAME = "$(TARGET_NAME)";
				SWIFT_VERSION = 5.0;
				TARGETED_DEVICE_FAMILY = "1,2";
			};
			name = Debug;
		};
		13997B6923C505EB009B5328 /* Release */ = {
			isa = XCBuildConfiguration;
			buildSettings = {
				ASSETCATALOG_COMPILER_APPICON_NAME = AppIcon;
				CODE_SIGN_STYLE = Automatic;
				DEVELOPMENT_TEAM = 4N8M4W4U2Q;
				INFOPLIST_FILE = ChuckNorrisFactRetriever/Info.plist;
				LD_RUNPATH_SEARCH_PATHS = (
					"$(inherited)",
					"@executable_path/Frameworks",
				);
				PRODUCT_BUNDLE_IDENTIFIER = personal.ChuckNorrisFactRetriever;
				PRODUCT_NAME = "$(TARGET_NAME)";
				SWIFT_VERSION = 5.0;
				TARGETED_DEVICE_FAMILY = "1,2";
			};
			name = Release;
		};
		13997B6B23C505EB009B5328 /* Debug */ = {
			isa = XCBuildConfiguration;
			buildSettings = {
				ALWAYS_EMBED_SWIFT_STANDARD_LIBRARIES = YES;
				BUNDLE_LOADER = "$(TEST_HOST)";
				CODE_SIGN_STYLE = Automatic;
				DEVELOPMENT_TEAM = 4N8M4W4U2Q;
				INFOPLIST_FILE = ChuckNorrisFactRetrieverTests/Info.plist;
				IPHONEOS_DEPLOYMENT_TARGET = 13.0;
				LD_RUNPATH_SEARCH_PATHS = (
					"$(inherited)",
					"@executable_path/Frameworks",
					"@loader_path/Frameworks",
				);
				PRODUCT_BUNDLE_IDENTIFIER = personal.ChuckNorrisFactRetrieverTests;
				PRODUCT_NAME = "$(TARGET_NAME)";
				SWIFT_VERSION = 5.0;
				TARGETED_DEVICE_FAMILY = "1,2";
				TEST_HOST = "$(BUILT_PRODUCTS_DIR)/ChuckNorrisFactRetriever.app/ChuckNorrisFactRetriever";
			};
			name = Debug;
		};
		13997B6C23C505EB009B5328 /* Release */ = {
			isa = XCBuildConfiguration;
			buildSettings = {
				ALWAYS_EMBED_SWIFT_STANDARD_LIBRARIES = YES;
				BUNDLE_LOADER = "$(TEST_HOST)";
				CODE_SIGN_STYLE = Automatic;
				DEVELOPMENT_TEAM = 4N8M4W4U2Q;
				INFOPLIST_FILE = ChuckNorrisFactRetrieverTests/Info.plist;
				IPHONEOS_DEPLOYMENT_TARGET = 13.0;
				LD_RUNPATH_SEARCH_PATHS = (
					"$(inherited)",
					"@executable_path/Frameworks",
					"@loader_path/Frameworks",
				);
				PRODUCT_BUNDLE_IDENTIFIER = personal.ChuckNorrisFactRetrieverTests;
				PRODUCT_NAME = "$(TARGET_NAME)";
				SWIFT_VERSION = 5.0;
				TARGETED_DEVICE_FAMILY = "1,2";
				TEST_HOST = "$(BUILT_PRODUCTS_DIR)/ChuckNorrisFactRetriever.app/ChuckNorrisFactRetriever";
			};
			name = Release;
		};
		13997B6E23C505EB009B5328 /* Debug */ = {
			isa = XCBuildConfiguration;
			buildSettings = {
				ALWAYS_EMBED_SWIFT_STANDARD_LIBRARIES = YES;
				CODE_SIGN_STYLE = Automatic;
				DEVELOPMENT_TEAM = 4N8M4W4U2Q;
				INFOPLIST_FILE = ChuckNorrisFactRetrieverUITests/Info.plist;
				LD_RUNPATH_SEARCH_PATHS = (
					"$(inherited)",
					"@executable_path/Frameworks",
					"@loader_path/Frameworks",
				);
				PRODUCT_BUNDLE_IDENTIFIER = personal.ChuckNorrisFactRetrieverUITests;
				PRODUCT_NAME = "$(TARGET_NAME)";
				SWIFT_VERSION = 5.0;
				TARGETED_DEVICE_FAMILY = "1,2";
				TEST_TARGET_NAME = ChuckNorrisFactRetriever;
			};
			name = Debug;
		};
		13997B6F23C505EB009B5328 /* Release */ = {
			isa = XCBuildConfiguration;
			buildSettings = {
				ALWAYS_EMBED_SWIFT_STANDARD_LIBRARIES = YES;
				CODE_SIGN_STYLE = Automatic;
				DEVELOPMENT_TEAM = 4N8M4W4U2Q;
				INFOPLIST_FILE = ChuckNorrisFactRetrieverUITests/Info.plist;
				LD_RUNPATH_SEARCH_PATHS = (
					"$(inherited)",
					"@executable_path/Frameworks",
					"@loader_path/Frameworks",
				);
				PRODUCT_BUNDLE_IDENTIFIER = personal.ChuckNorrisFactRetrieverUITests;
				PRODUCT_NAME = "$(TARGET_NAME)";
				SWIFT_VERSION = 5.0;
				TARGETED_DEVICE_FAMILY = "1,2";
				TEST_TARGET_NAME = ChuckNorrisFactRetriever;
			};
			name = Release;
		};
/* End XCBuildConfiguration section */

/* Begin XCConfigurationList section */
		13997B3823C505E9009B5328 /* Build configuration list for PBXProject "ChuckNorrisFactRetriever" */ = {
			isa = XCConfigurationList;
			buildConfigurations = (
				13997B6523C505EB009B5328 /* Debug */,
				13997B6623C505EB009B5328 /* Release */,
			);
			defaultConfigurationIsVisible = 0;
			defaultConfigurationName = Release;
		};
		13997B6723C505EB009B5328 /* Build configuration list for PBXNativeTarget "ChuckNorrisFactRetriever" */ = {
			isa = XCConfigurationList;
			buildConfigurations = (
				13997B6823C505EB009B5328 /* Debug */,
				13997B6923C505EB009B5328 /* Release */,
			);
			defaultConfigurationIsVisible = 0;
			defaultConfigurationName = Release;
		};
		13997B6A23C505EB009B5328 /* Build configuration list for PBXNativeTarget "ChuckNorrisFactRetrieverTests" */ = {
			isa = XCConfigurationList;
			buildConfigurations = (
				13997B6B23C505EB009B5328 /* Debug */,
				13997B6C23C505EB009B5328 /* Release */,
			);
			defaultConfigurationIsVisible = 0;
			defaultConfigurationName = Release;
		};
		13997B6D23C505EB009B5328 /* Build configuration list for PBXNativeTarget "ChuckNorrisFactRetrieverUITests" */ = {
			isa = XCConfigurationList;
			buildConfigurations = (
				13997B6E23C505EB009B5328 /* Debug */,
				13997B6F23C505EB009B5328 /* Release */,
			);
			defaultConfigurationIsVisible = 0;
			defaultConfigurationName = Release;
		};
/* End XCConfigurationList section */
	};
	rootObject = 13997B3523C505E9009B5328 /* Project object */;
}
